
# cargo-vet imports lock

[audits.bytecode-alliance.audits]

[audits.embark-studios.audits]

[audits.fermyon.audits]

[audits.google.audits]

[audits.isrg.audits]

[[audits.mozilla.audits.doc-comment]]
who = "Nika Layzell <nika@thelayzells.com>"
criteria = "safe-to-deploy"
version = "0.3.3"
notes = """
Trivial macro crate implementing a trick for expanding macros within doc
comments on older versions of rustc.
"""
aggregated-from = "https://raw.githubusercontent.com/mozilla/cargo-vet/main/supply-chain/audits.toml"

[audits.zcash.audits]
